
Microsoft Visual Studio Solution File, Format Version 12.00
# Visual Studio 15
VisualStudioVersion = 15.0.26124.0
MinimumVisualStudioVersion = 15.0.26124.0
Project("{FAE04EC0-301F-11D3-BF4B-00C04F79EFBC}") = "Algorithms", "algorithms\Algorithms.csproj", "{F99B0DF8-9026-440F-BB65-E8514558C1FC}"
EndProject
Project("{FAE04EC0-301F-11D3-BF4B-00C04F79EFBC}") = "Algorithms.Test", "algorithms.test\Algorithms.Test.csproj", "{78494B8E-DE9F-4F96-A403-58B62C385C19}"
EndProject
Global
	GlobalSection(SolutionConfigurationPlatforms) = preSolution
		Debug|Any CPU = Debug|Any CPU
		Debug|x64 = Debug|x64
		Debug|x86 = Debug|x86
		Release|Any CPU = Release|Any CPU
		Release|x64 = Release|x64
		Release|x86 = Release|x86
	EndGlobalSection
	GlobalSection(SolutionProperties) = preSolution
		HideSolutionNode = FALSE
	EndGlobalSection
	GlobalSection(ProjectConfigurationPlatforms) = postSolution
		{F99B0DF8-9026-440F-BB65-E8514558C1FC}.Debug|Any CPU.ActiveCfg = Debug|Any CPU
		{F99B0DF8-9026-440F-BB65-E8514558C1FC}.Debug|Any CPU.Build.0 = Debug|Any CPU
		{F99B0DF8-9026-440F-BB65-E8514558C1FC}.Debug|x64.ActiveCfg = Debug|Any CPU
		{F99B0DF8-9026-440F-BB65-E8514558C1FC}.Debug|x64.Build.0 = Debug|Any CPU
		{F99B0DF8-9026-440F-BB65-E8514558C1FC}.Debug|x86.ActiveCfg = Debug|Any CPU
		{F99B0DF8-9026-440F-BB65-E8514558C1FC}.Debug|x86.Build.0 = Debug|Any CPU
		{F99B0DF8-9026-440F-BB65-E8514558C1FC}.Release|Any CPU.ActiveCfg = Release|Any CPU
		{F99B0DF8-9026-440F-BB65-E8514558C1FC}.Release|Any CPU.Build.0 = Release|Any CPU
		{F99B0DF8-9026-440F-BB65-E8514558C1FC}.Release|x64.ActiveCfg = Release|Any CPU
		{F99B0DF8-9026-440F-BB65-E8514558C1FC}.Release|x64.Build.0 = Release|Any CPU
		{F99B0DF8-9026-440F-BB65-E8514558C1FC}.Release|x86.ActiveCfg = Release|Any CPU
		{F99B0DF8-9026-440F-BB65-E8514558C1FC}.Release|x86.Build.0 = Release|Any CPU
		{78494B8E-DE9F-4F96-A403-58B62C385C19}.Debug|Any CPU.ActiveCfg = Debug|Any CPU
		{78494B8E-DE9F-4F96-A403-58B62C385C19}.Debug|Any CPU.Build.0 = Debug|Any CPU
		{78494B8E-DE9F-4F96-A403-58B62C385C19}.Debug|x64.ActiveCfg = Debug|Any CPU
		{78494B8E-DE9F-4F96-A403-58B62C385C19}.Debug|x64.Build.0 = Debug|Any CPU
		{78494B8E-DE9F-4F96-A403-58B62C385C19}.Debug|x86.ActiveCfg = Debug|Any CPU
		{78494B8E-DE9F-4F96-A403-58B62C385C19}.Debug|x86.Build.0 = Debug|Any CPU
		{78494B8E-DE9F-4F96-A403-58B62C385C19}.Release|Any CPU.ActiveCfg = Release|Any CPU
		{78494B8E-DE9F-4F96-A403-58B62C385C19}.Release|Any CPU.Build.0 = Release|Any CPU
		{78494B8E-DE9F-4F96-A403-58B62C385C19}.Release|x64.ActiveCfg = Release|Any CPU
		{78494B8E-DE9F-4F96-A403-58B62C385C19}.Release|x64.Build.0 = Release|Any CPU
		{78494B8E-DE9F-4F96-A403-58B62C385C19}.Release|x86.ActiveCfg = Release|Any CPU
		{78494B8E-DE9F-4F96-A403-58B62C385C19}.Release|x86.Build.0 = Release|Any CPU
	EndGlobalSection
EndGlobal
